
Microsoft Visual Studio Solution File, Format Version 12.00
# Visual Studio 15
VisualStudioVersion = 15.0.27004.2009
MinimumVisualStudioVersion = 10.0.40219.1
Project("{FAE04EC0-301F-11D3-BF4B-00C04F79EFBC}") = "MariaPrintTray", "MariaPrintTray\MariaPrintTray.csproj", "{AED349DD-081C-488B-993F-6CA2D22BF312}"
	ProjectSection(ProjectDependencies) = postProject
		{333760D8-6FEE-44FF-BD20-0CF4F86994FC} = {333760D8-6FEE-44FF-BD20-0CF4F86994FC}
	EndProjectSection
EndProject
Project("{FAE04EC0-301F-11D3-BF4B-00C04F79EFBC}") = "MariaPrintManager", "MariaPrintManager\MariaPrintManager.csproj", "{333760D8-6FEE-44FF-BD20-0CF4F86994FC}"
	ProjectSection(ProjectDependencies) = postProject
		{C0F3E457-2DC5-4DC1-840C-B21FB01A34A9} = {C0F3E457-2DC5-4DC1-840C-B21FB01A34A9}
		{8054E1EB-C242-4A2E-864B-976AA7201FBE} = {8054E1EB-C242-4A2E-864B-976AA7201FBE}
	EndProjectSection
EndProject
Project("{8BC9CEB8-8B4A-11D0-8D11-00A0C91BC942}") = "MariaPrintMon", "MariaPrintPort\MariaPrintPort.vcxproj", "{C0F3E457-2DC5-4DC1-840C-B21FB01A34A9}"
EndProject
Project("{8BC9CEB8-8B4A-11D0-8D11-00A0C91BC942}") = "MariaPrintProcessor", "MariaPrintProcessor\MariaPrintProcessor.vcxproj", "{8054E1EB-C242-4A2E-864B-976AA7201FBE}"
EndProject
Project("{54435603-DBB4-11D2-8724-00A0C9A8B90C}") = "MariaPrintInstaller", "MariaPrintSetup\MariaPrintSetup.vdproj", "{3BB71346-2883-4C72-98AF-1D8530928F62}"
EndProject
Project("{FAE04EC0-301F-11D3-BF4B-00C04F79EFBC}") = "MariaPrintConfigurator", "MariaPrintConfigurator\MariaPrintConfigurator.csproj", "{6F7B609C-E3BC-4C03-8445-0BCFB1C9F0FE}"
EndProject
Project("{2150E333-8FDC-42A3-9474-1A3956D46DE8}") = "Solution Items", "Solution Items", "{85609D11-262A-4B21-B0E6-92AE3BBDAD21}"
	ProjectSection(SolutionItems) = preProject
		add_virtual_printer.vbs = add_virtual_printer.vbs
		restart_service.vbs = restart_service.vbs
		restore_printprocessor.vbs = restore_printprocessor.vbs
		stop_service.vbs = stop_service.vbs
	EndProjectSection
EndProject
Project("{8BC9CEB8-8B4A-11D0-8D11-00A0C91BC942}") = "MariaPrintInf", "MariaPrintInf\MariaPrintInf.vcxproj", "{522B0E4A-BB2F-457C-8A55-C27636330737}"
EndProject
Global
	GlobalSection(SolutionConfigurationPlatforms) = preSolution
		Debug|Any CPU = Debug|Any CPU
		Debug|x64 = Debug|x64
		Debug|x86 = Debug|x86
		Release|Any CPU = Release|Any CPU
		Release|x64 = Release|x64
		Release|x86 = Release|x86
	EndGlobalSection
	GlobalSection(ProjectConfigurationPlatforms) = postSolution
		{AED349DD-081C-488B-993F-6CA2D22BF312}.Debug|Any CPU.ActiveCfg = Debug|Any CPU
		{AED349DD-081C-488B-993F-6CA2D22BF312}.Debug|Any CPU.Build.0 = Debug|Any CPU
		{AED349DD-081C-488B-993F-6CA2D22BF312}.Debug|x64.ActiveCfg = Debug|Any CPU
		{AED349DD-081C-488B-993F-6CA2D22BF312}.Debug|x64.Build.0 = Debug|Any CPU
		{AED349DD-081C-488B-993F-6CA2D22BF312}.Debug|x86.ActiveCfg = Debug|Any CPU
		{AED349DD-081C-488B-993F-6CA2D22BF312}.Debug|x86.Build.0 = Debug|Any CPU
		{AED349DD-081C-488B-993F-6CA2D22BF312}.Release|Any CPU.ActiveCfg = Release|Any CPU
		{AED349DD-081C-488B-993F-6CA2D22BF312}.Release|Any CPU.Build.0 = Release|Any CPU
		{AED349DD-081C-488B-993F-6CA2D22BF312}.Release|x64.ActiveCfg = Release|Any CPU
		{AED349DD-081C-488B-993F-6CA2D22BF312}.Release|x64.Build.0 = Release|Any CPU
		{AED349DD-081C-488B-993F-6CA2D22BF312}.Release|x86.ActiveCfg = Release|Any CPU
		{AED349DD-081C-488B-993F-6CA2D22BF312}.Release|x86.Build.0 = Release|Any CPU
		{333760D8-6FEE-44FF-BD20-0CF4F86994FC}.Debug|Any CPU.ActiveCfg = Debug|Any CPU
		{333760D8-6FEE-44FF-BD20-0CF4F86994FC}.Debug|Any CPU.Build.0 = Debug|Any CPU
		{333760D8-6FEE-44FF-BD20-0CF4F86994FC}.Debug|x64.ActiveCfg = Debug|Any CPU
		{333760D8-6FEE-44FF-BD20-0CF4F86994FC}.Debug|x64.Build.0 = Debug|Any CPU
		{333760D8-6FEE-44FF-BD20-0CF4F86994FC}.Debug|x86.ActiveCfg = Debug|Any CPU
		{333760D8-6FEE-44FF-BD20-0CF4F86994FC}.Debug|x86.Build.0 = Debug|Any CPU
		{333760D8-6FEE-44FF-BD20-0CF4F86994FC}.Release|Any CPU.ActiveCfg = Release|Any CPU
		{333760D8-6FEE-44FF-BD20-0CF4F86994FC}.Release|Any CPU.Build.0 = Release|Any CPU
		{333760D8-6FEE-44FF-BD20-0CF4F86994FC}.Release|x64.ActiveCfg = Release|Any CPU
		{333760D8-6FEE-44FF-BD20-0CF4F86994FC}.Release|x64.Build.0 = Release|Any CPU
		{333760D8-6FEE-44FF-BD20-0CF4F86994FC}.Release|x86.ActiveCfg = Release|Any CPU
		{333760D8-6FEE-44FF-BD20-0CF4F86994FC}.Release|x86.Build.0 = Release|Any CPU
		{C0F3E457-2DC5-4DC1-840C-B21FB01A34A9}.Debug|Any CPU.ActiveCfg = Debug|Win32
		{C0F3E457-2DC5-4DC1-840C-B21FB01A34A9}.Debug|x64.ActiveCfg = Debug|x64
		{C0F3E457-2DC5-4DC1-840C-B21FB01A34A9}.Debug|x64.Build.0 = Debug|x64
		{C0F3E457-2DC5-4DC1-840C-B21FB01A34A9}.Debug|x86.ActiveCfg = Debug|Win32
		{C0F3E457-2DC5-4DC1-840C-B21FB01A34A9}.Debug|x86.Build.0 = Debug|Win32
		{C0F3E457-2DC5-4DC1-840C-B21FB01A34A9}.Release|Any CPU.ActiveCfg = Release|Win32
		{C0F3E457-2DC5-4DC1-840C-B21FB01A34A9}.Release|x64.ActiveCfg = Release|x64
		{C0F3E457-2DC5-4DC1-840C-B21FB01A34A9}.Release|x64.Build.0 = Release|x64
		{C0F3E457-2DC5-4DC1-840C-B21FB01A34A9}.Release|x86.ActiveCfg = Release|Win32
		{C0F3E457-2DC5-4DC1-840C-B21FB01A34A9}.Release|x86.Build.0 = Release|Win32
		{8054E1EB-C242-4A2E-864B-976AA7201FBE}.Debug|Any CPU.ActiveCfg = Debug|Win32
		{8054E1EB-C242-4A2E-864B-976AA7201FBE}.Debug|x64.ActiveCfg = Debug|x64
		{8054E1EB-C242-4A2E-864B-976AA7201FBE}.Debug|x64.Build.0 = Debug|x64
		{8054E1EB-C242-4A2E-864B-976AA7201FBE}.Debug|x86.ActiveCfg = Debug|Win32
		{8054E1EB-C242-4A2E-864B-976AA7201FBE}.Debug|x86.Build.0 = Debug|Win32
		{8054E1EB-C242-4A2E-864B-976AA7201FBE}.Release|Any CPU.ActiveCfg = Release|Win32
		{8054E1EB-C242-4A2E-864B-976AA7201FBE}.Release|x64.ActiveCfg = Release|x64
		{8054E1EB-C242-4A2E-864B-976AA7201FBE}.Release|x64.Build.0 = Release|x64
		{8054E1EB-C242-4A2E-864B-976AA7201FBE}.Release|x86.ActiveCfg = Release|Win32
		{8054E1EB-C242-4A2E-864B-976AA7201FBE}.Release|x86.Build.0 = Release|Win32
		{3BB71346-2883-4C72-98AF-1D8530928F62}.Debug|Any CPU.ActiveCfg = Debug
		{3BB71346-2883-4C72-98AF-1D8530928F62}.Debug|x64.ActiveCfg = Debug
		{3BB71346-2883-4C72-98AF-1D8530928F62}.Debug|x86.ActiveCfg = Debug
		{3BB71346-2883-4C72-98AF-1D8530928F62}.Release|Any CPU.ActiveCfg = Release
		{3BB71346-2883-4C72-98AF-1D8530928F62}.Release|x64.ActiveCfg = Release
		{3BB71346-2883-4C72-98AF-1D8530928F62}.Release|x64.Build.0 = Release
		{3BB71346-2883-4C72-98AF-1D8530928F62}.Release|x86.ActiveCfg = Release
		{3BB71346-2883-4C72-98AF-1D8530928F62}.Release|x86.Build.0 = Release
		{6F7B609C-E3BC-4C03-8445-0BCFB1C9F0FE}.Debug|Any CPU.ActiveCfg = Debug|Any CPU
		{6F7B609C-E3BC-4C03-8445-0BCFB1C9F0FE}.Debug|Any CPU.Build.0 = Debug|Any CPU
		{6F7B609C-E3BC-4C03-8445-0BCFB1C9F0FE}.Debug|x64.ActiveCfg = Debug|Any CPU
		{6F7B609C-E3BC-4C03-8445-0BCFB1C9F0FE}.Debug|x64.Build.0 = Debug|Any CPU
		{6F7B609C-E3BC-4C03-8445-0BCFB1C9F0FE}.Debug|x86.ActiveCfg = Debug|Any CPU
		{6F7B609C-E3BC-4C03-8445-0BCFB1C9F0FE}.Debug|x86.Build.0 = Debug|Any CPU
		{6F7B609C-E3BC-4C03-8445-0BCFB1C9F0FE}.Release|Any CPU.ActiveCfg = Release|Any CPU
		{6F7B609C-E3BC-4C03-8445-0BCFB1C9F0FE}.Release|Any CPU.Build.0 = Release|Any CPU
		{6F7B609C-E3BC-4C03-8445-0BCFB1C9F0FE}.Release|x64.ActiveCfg = Release|Any CPU
		{6F7B609C-E3BC-4C03-8445-0BCFB1C9F0FE}.Release|x64.Build.0 = Release|Any CPU
		{6F7B609C-E3BC-4C03-8445-0BCFB1C9F0FE}.Release|x86.ActiveCfg = Release|Any CPU
		{6F7B609C-E3BC-4C03-8445-0BCFB1C9F0FE}.Release|x86.Build.0 = Release|Any CPU
		{522B0E4A-BB2F-457C-8A55-C27636330737}.Debug|Any CPU.ActiveCfg = Debug|Win32
		{522B0E4A-BB2F-457C-8A55-C27636330737}.Debug|x64.ActiveCfg = Debug|x64
		{522B0E4A-BB2F-457C-8A55-C27636330737}.Debug|x64.Build.0 = Debug|x64
		{522B0E4A-BB2F-457C-8A55-C27636330737}.Debug|x86.ActiveCfg = Debug|Win32
		{522B0E4A-BB2F-457C-8A55-C27636330737}.Debug|x86.Build.0 = Debug|Win32
		{522B0E4A-BB2F-457C-8A55-C27636330737}.Release|Any CPU.ActiveCfg = Release|Win32
		{522B0E4A-BB2F-457C-8A55-C27636330737}.Release|x64.ActiveCfg = Release|x64
		{522B0E4A-BB2F-457C-8A55-C27636330737}.Release|x64.Build.0 = Release|x64
		{522B0E4A-BB2F-457C-8A55-C27636330737}.Release|x86.ActiveCfg = Release|Win32
		{522B0E4A-BB2F-457C-8A55-C27636330737}.Release|x86.Build.0 = Release|Win32
	EndGlobalSection
	GlobalSection(SolutionProperties) = preSolution
		HideSolutionNode = FALSE
	EndGlobalSection
	GlobalSection(ExtensibilityGlobals) = postSolution
		SolutionGuid = {80055823-7579-4525-A342-C5E392098AE0}
	EndGlobalSection
EndGlobal
